// !$*UTF8*$!
{
	archiveVersion = 1;
	classes = {
	};
	objectVersion = 77;
	objects = {

/* Begin PBXBuildFile section */
		019755E1344A3161F375CD7A /* AVFoundation.framework in Frameworks */ = {isa = PBXBuildFile; fileRef = 6D5BA427322AB0E1A8E703A0 /* AVFoundation.framework */; };
		0483C33116F7CC8FE47CF249 /* MoltenVK.xcframework in Frameworks */ = {isa = PBXBuildFile; fileRef = 0A872BF429A97D8C1D97B3D8 /* MoltenVK.xcframework */; };
		07119F7EB457E79779350383 /* ios_pakman.m in Sources */ = {isa = PBXBuildFile; fileRef = D4DDA206E2BDB5EC07102DF5 /* ios_pakman.m */; };
		0D365B0D21B3A71F87B95D8F /* QuartzCore.framework in Frameworks */ = {isa = PBXBuildFile; fileRef = CC068F6D19C4D3A25A2F1769 /* QuartzCore.framework */; };
		10803FD895DF42070C9FFF61 /* CoreVideo.framework in Frameworks */ = {isa = PBXBuildFile; fileRef = CDB03F055C45BB54AD8A402B /* CoreVideo.framework */; };
		12CBBB7C7E62121A66D92750 /* UIKit.framework in Frameworks */ = {isa = PBXBuildFile; fileRef = D9F737A370AC9EC1DA18DABF /* UIKit.framework */; };
		173FB93496B5FBFC59D7FB40 /* CoreMotion.framework in Frameworks */ = {isa = PBXBuildFile; fileRef = 8D1F0066AA4E688EA48C2FC3 /* CoreMotion.framework */; };
		185C6F61D28F5C5684A12BB4 /* ios_snd.c in Sources */ = {isa = PBXBuildFile; fileRef = 6FA43AC1FB6966A5F89DA82F /* ios_snd.c */; };
		1A1B861A4D5B98583A0BEA2B /* GameController.framework in Frameworks */ = {isa = PBXBuildFile; fileRef = E54F9A25DC37C6780486BC76 /* GameController.framework */; };
		1EE7471BB794DF2CF1EBDE05 /* Q3EImmersive.m in Sources */ = {isa = PBXBuildFile; fileRef = F19A3D9E8C56D2A21796B565 /* Q3EImmersive.m */; };
		22936B92BD2143F15F69BDD7 /* Security.framework in Frameworks */ = {isa = PBXBuildFile; fileRef = 9F147F24E9462C77D359242F /* Security.framework */; };
		291384D045C153E2CA0B0B9B /* Assets.xcassets in Resources */ = {isa = PBXBuildFile; fileRef = DC9C85CCB2D7E73FBDF9A8F5 /* Assets.xcassets */; };
		29603872B366A1CDE089C17A /* ios_settings.m in Sources */ = {isa = PBXBuildFile; fileRef = 66978FAE2B803D616BE6176F /* ios_settings.m */; };
		297FAFDB2059827D2A1D033F /* GameController.framework in Frameworks */ = {isa = PBXBuildFile; fileRef = E54F9A25DC37C6780486BC76 /* GameController.framework */; };
		3B61A3E8638070FB91F6E292 /* Q3EVisionApp.swift in Sources */ = {isa = PBXBuildFile; fileRef = 67CF1E724A295E5D5A7E8C41 /* Q3EVisionApp.swift */; };
		3C6B2D17CB34D2093C4CF687 /* ios_input.m in Sources */ = {isa = PBXBuildFile; fileRef = 64B9DA38E4711DA3D1DAD406 /* ios_input.m */; };
		3EF3A7E612ACC72480EF43CC /* ios_glue.c in Sources */ = {isa = PBXBuildFile; fileRef = 7D7173C31A62848743DF3F01 /* ios_glue.c */; };
		46A04310D1BFB8EF47C43278 /* UIKit.framework in Frameworks */ = {isa = PBXBuildFile; fileRef = D9F737A370AC9EC1DA18DABF /* UIKit.framework */; };
		46B51525D7D2D4AC369CFC1E /* ios_console.m in Sources */ = {isa = PBXBuildFile; fileRef = 2AC36C1F39314DF1FE314BE7 /* ios_console.m */; };
		49C5BA0D4A9519E25FFE6E75 /* AudioToolbox.framework in Frameworks */ = {isa = PBXBuildFile; fileRef = 9EF71329A1C7CC7EDC8C611B /* AudioToolbox.framework */; };
		4DA5987CCF2945560F1EE986 /* ios_pakman.m in Sources */ = {isa = PBXBuildFile; fileRef = D4DDA206E2BDB5EC07102DF5 /* ios_pakman.m */; };
		50264BE0BB5AD8D131B1F438 /* CompositorServices.framework in Frameworks */ = {isa = PBXBuildFile; fileRef = F0B388950920F898909CA77E /* CompositorServices.framework */; };
		549E7E6613B464348580B528 /* Metal.framework in Frameworks */ = {isa = PBXBuildFile; fileRef = AB8F52D7E98B32EC7FA91D30 /* Metal.framework */; };
		5C0D505B2C25783B4AEED994 /* ios_snd.c in Sources */ = {isa = PBXBuildFile; fileRef = 6FA43AC1FB6966A5F89DA82F /* ios_snd.c */; };
		5C4877EB156210EB0C2FF86A /* ios_metal.m in Sources */ = {isa = PBXBuildFile; fileRef = E49EC9B3284D1B2BC896644E /* ios_metal.m */; };
		61297CAD9D85A0D91D5EE098 /* Foundation.framework in Frameworks */ = {isa = PBXBuildFile; fileRef = 5612936E65EAA6B94B487548 /* Foundation.framework */; };
		65A629987B0F5D8630F2839B /* CoreVideo.framework in Frameworks */ = {isa = PBXBuildFile; fileRef = CDB03F055C45BB54AD8A402B /* CoreVideo.framework */; };
		715D1C24AEB0F5EFAAE1671C /* CoreGraphics.framework in Frameworks */ = {isa = PBXBuildFile; fileRef = 36CC490E0E38BA5D925C297D /* CoreGraphics.framework */; };
		72A00A9E2FD00D724D0F67ED /* AudioToolbox.framework in Frameworks */ = {isa = PBXBuildFile; fileRef = 9EF71329A1C7CC7EDC8C611B /* AudioToolbox.framework */; };
		741FA5F59D121B93F2D2392F /* QuartzCore.framework in Frameworks */ = {isa = PBXBuildFile; fileRef = CC068F6D19C4D3A25A2F1769 /* QuartzCore.framework */; };
		867E7497BB7D372071DC5E2A /* Assets-visionos.xcassets in Resources */ = {isa = PBXBuildFile; fileRef = DF4F3136705C2198860DC481 /* Assets-visionos.xcassets */; };
		881A40E6C93FCC05BD94B4FC /* ios_onboarding.m in Sources */ = {isa = PBXBuildFile; fileRef = 67B95E936A35BC4D99C250A7 /* ios_onboarding.m */; };
		8891BBB02A45CF2D1FEADA8D /* ios_metal.m in Sources */ = {isa = PBXBuildFile; fileRef = E49EC9B3284D1B2BC896644E /* ios_metal.m */; };
		8AF13B7525613F50ED03345D /* IOSurface.framework in Frameworks */ = {isa = PBXBuildFile; fileRef = A28E7D2CE746F930C9DFFDE9 /* IOSurface.framework */; };
		8FD1D5F9D892BFE13356B979 /* Foundation.framework in Frameworks */ = {isa = PBXBuildFile; fileRef = 5612936E65EAA6B94B487548 /* Foundation.framework */; };
		A97BDE7175999A5496A08649 /* ios_console.m in Sources */ = {isa = PBXBuildFile; fileRef = 2AC36C1F39314DF1FE314BE7 /* ios_console.m */; };
		AC1D3F3BE6B90C19682C7352 /* ios_settings.m in Sources */ = {isa = PBXBuildFile; fileRef = 66978FAE2B803D616BE6176F /* ios_settings.m */; };
		AFD85AD72972E99E7C2D1DEA /* Q3EBlackBox.m in Sources */ = {isa = PBXBuildFile; fileRef = 6E5EFFD7864F142C8CA4394D /* Q3EBlackBox.m */; };
		BEF9BEE79FB9A84EFD713454 /* AppShell.m in Sources */ = {isa = PBXBuildFile; fileRef = D9CE7C66352300892A1B6B0D /* AppShell.m */; };
		BF34D10CEA356B21F2CF3EDB /* SystemConfiguration.framework in Frameworks */ = {isa = PBXBuildFile; fileRef = F8291DC06CA7B3C93F2C8EF3 /* SystemConfiguration.framework */; };
		C3265238E7FFE3FF3FD0DF29 /* SystemConfiguration.framework in Frameworks */ = {isa = PBXBuildFile; fileRef = F8291DC06CA7B3C93F2C8EF3 /* SystemConfiguration.framework */; };
		CC2360F670973D2F94B4B7EC /* Metal.framework in Frameworks */ = {isa = PBXBuildFile; fileRef = AB8F52D7E98B32EC7FA91D30 /* Metal.framework */; };
		D0CBD2C70FED9C8D8ACAEB6E /* CoreMotion.framework in Frameworks */ = {isa = PBXBuildFile; fileRef = 8D1F0066AA4E688EA48C2FC3 /* CoreMotion.framework */; };
		D89976254862A86FF580079F /* ios_input.m in Sources */ = {isa = PBXBuildFile; fileRef = 64B9DA38E4711DA3D1DAD406 /* ios_input.m */; };
		D94404F62A6C44F21EF8199E /* AVFoundation.framework in Frameworks */ = {isa = PBXBuildFile; fileRef = 6D5BA427322AB0E1A8E703A0 /* AVFoundation.framework */; };
		D9C7FD5CE38D07AF1F7D5FCA /* MoltenVK.xcframework in Frameworks */ = {isa = PBXBuildFile; fileRef = 0AF1B1EB09A3FC44B64B1BFE /* MoltenVK.xcframework */; };
		DF7946C8B5F6C7871CD5107E /* Security.framework in Frameworks */ = {isa = PBXBuildFile; fileRef = 9F147F24E9462C77D359242F /* Security.framework */; };
		E0F62A08D03480A9D4564313 /* CoreGraphics.framework in Frameworks */ = {isa = PBXBuildFile; fileRef = 36CC490E0E38BA5D925C297D /* CoreGraphics.framework */; };
		E20C42DBA2FE049C12DA3A7A /* SwiftUI.framework in Frameworks */ = {isa = PBXBuildFile; fileRef = CFC2926895277A390FCB97B1 /* SwiftUI.framework */; };
		E5568D9988CF9852B7A5F5C9 /* AppShell_vision.m in Sources */ = {isa = PBXBuildFile; fileRef = 85E7776CF90E063322860D7B /* AppShell_vision.m */; };
		F528A6701C9D048A982F5BEA /* IOSurface.framework in Frameworks */ = {isa = PBXBuildFile; fileRef = A28E7D2CE746F930C9DFFDE9 /* IOSurface.framework */; };
		F5A8D69144D801CC3C3DF4C2 /* ARKit.framework in Frameworks */ = {isa = PBXBuildFile; fileRef = B37EAC3671887DAF3EDA3E61 /* ARKit.framework */; };
		F821306993D95659E95D50C3 /* ios_glue.c in Sources */ = {isa = PBXBuildFile; fileRef = 7D7173C31A62848743DF3F01 /* ios_glue.c */; };
		FA2E424463ABBC44CA7574B7 /* Q3EIntents.swift in Sources */ = {isa = PBXBuildFile; fileRef = CEECDE6CEADABABAE320B4D4 /* Q3EIntents.swift */; };
		FBCCF806D1062426643D4910 /* ios_onboarding.m in Sources */ = {isa = PBXBuildFile; fileRef = 67B95E936A35BC4D99C250A7 /* ios_onboarding.m */; };
/* End PBXBuildFile section */

/* Begin PBXFileReference section */
		0A872BF429A97D8C1D97B3D8 /* MoltenVK.xcframework */ = {isa = PBXFileReference; lastKnownFileType = wrapper.xcframework; name = MoltenVK.xcframework; path = ../vendor/moltenvk/MoltenVK.xcframework; sourceTree = "<group>"; };
		0AF1B1EB09A3FC44B64B1BFE /* MoltenVK.xcframework */ = {isa = PBXFileReference; lastKnownFileType = wrapper.xcframework; name = MoltenVK.xcframework; path = "../vendor/moltenvk-ios/MoltenVK/MoltenVK/static/MoltenVK.xcframework"; sourceTree = "<group>"; };
		248D5F9516594A2CDD56EBF2 /* ios_settings.h */ = {isa = PBXFileReference; lastKnownFileType = sourcecode.c.h; path = ios_settings.h; sourceTree = "<group>"; };
		2613F93EAAD8CEB8ADDA6187 /* ios_input.h */ = {isa = PBXFileReference; lastKnownFileType = sourcecode.c.h; path = ios_input.h; sourceTree = "<group>"; };
		27ED7D3368034171C2632367 /* Q3EVision-Bridging-Header.h */ = {isa = PBXFileReference; lastKnownFileType = sourcecode.c.h; path = "Q3EVision-Bridging-Header.h"; sourceTree = "<group>"; };
		2AC36C1F39314DF1FE314BE7 /* ios_console.m */ = {isa = PBXFileReference; lastKnownFileType = sourcecode.c.objc; path = ios_console.m; sourceTree = "<group>"; };
		36CC490E0E38BA5D925C297D /* CoreGraphics.framework */ = {isa = PBXFileReference; lastKnownFileType = wrapper.framework; name = CoreGraphics.framework; path = System/Library/Frameworks/CoreGraphics.framework; sourceTree = SDKROOT; };
		483A838A3390D4F3D0FE4CAB /* Q3EBlackBox.h */ = {isa = PBXFileReference; lastKnownFileType = sourcecode.c.h; path = Q3EBlackBox.h; sourceTree = "<group>"; };
		5612936E65EAA6B94B487548 /* Foundation.framework */ = {isa = PBXFileReference; lastKnownFileType = wrapper.framework; name = Foundation.framework; path = System/Library/Frameworks/Foundation.framework; sourceTree = SDKROOT; };
		64B9DA38E4711DA3D1DAD406 /* ios_input.m */ = {isa = PBXFileReference; lastKnownFileType = sourcecode.c.objc; path = ios_input.m; sourceTree = "<group>"; };
		66978FAE2B803D616BE6176F /* ios_settings.m */ = {isa = PBXFileReference; lastKnownFileType = sourcecode.c.objc; path = ios_settings.m; sourceTree = "<group>"; };
		67B95E936A35BC4D99C250A7 /* ios_onboarding.m */ = {isa = PBXFileReference; lastKnownFileType = sourcecode.c.objc; path = ios_onboarding.m; sourceTree = "<group>"; };
		67CF1E724A295E5D5A7E8C41 /* Q3EVisionApp.swift */ = {isa = PBXFileReference; lastKnownFileType = sourcecode.swift; path = Q3EVisionApp.swift; sourceTree = "<group>"; };
		6D5BA427322AB0E1A8E703A0 /* AVFoundation.framework */ = {isa = PBXFileReference; lastKnownFileType = wrapper.framework; name = AVFoundation.framework; path = System/Library/Frameworks/AVFoundation.framework; sourceTree = SDKROOT; };
		6E5EFFD7864F142C8CA4394D /* Q3EBlackBox.m */ = {isa = PBXFileReference; lastKnownFileType = sourcecode.c.objc; path = Q3EBlackBox.m; sourceTree = "<group>"; };
		6FA43AC1FB6966A5F89DA82F /* ios_snd.c */ = {isa = PBXFileReference; lastKnownFileType = sourcecode.c.c; path = ios_snd.c; sourceTree = "<group>"; };
		7D7173C31A62848743DF3F01 /* ios_glue.c */ = {isa = PBXFileReference; lastKnownFileType = sourcecode.c.c; path = ios_glue.c; sourceTree = "<group>"; };
		85E7776CF90E063322860D7B /* AppShell_vision.m */ = {isa = PBXFileReference; lastKnownFileType = sourcecode.c.objc; path = AppShell_vision.m; sourceTree = "<group>"; };
		8D1F0066AA4E688EA48C2FC3 /* CoreMotion.framework */ = {isa = PBXFileReference; lastKnownFileType = wrapper.framework; name = CoreMotion.framework; path = System/Library/Frameworks/CoreMotion.framework; sourceTree = SDKROOT; };
		9EF71329A1C7CC7EDC8C611B /* AudioToolbox.framework */ = {isa = PBXFileReference; lastKnownFileType = wrapper.framework; name = AudioToolbox.framework; path = System/Library/Frameworks/AudioToolbox.framework; sourceTree = SDKROOT; };
		9F147F24E9462C77D359242F /* Security.framework */ = {isa = PBXFileReference; lastKnownFileType = wrapper.framework; name = Security.framework; path = System/Library/Frameworks/Security.framework; sourceTree = SDKROOT; };
		A28E7D2CE746F930C9DFFDE9 /* IOSurface.framework */ = {isa = PBXFileReference; lastKnownFileType = wrapper.framework; name = IOSurface.framework; path = System/Library/Frameworks/IOSurface.framework; sourceTree = SDKROOT; };
		AB8F52D7E98B32EC7FA91D30 /* Metal.framework */ = {isa = PBXFileReference; lastKnownFileType = wrapper.framework; name = Metal.framework; path = System/Library/Frameworks/Metal.framework; sourceTree = SDKROOT; };
		B37EAC3671887DAF3EDA3E61 /* ARKit.framework */ = {isa = PBXFileReference; lastKnownFileType = wrapper.framework; name = ARKit.framework; path = System/Library/Frameworks/ARKit.framework; sourceTree = SDKROOT; };
		C5D108124494B7628C9E0274 /* AppShell_vision.h */ = {isa = PBXFileReference; lastKnownFileType = sourcecode.c.h; path = AppShell_vision.h; sourceTree = "<group>"; };
		CC068F6D19C4D3A25A2F1769 /* QuartzCore.framework */ = {isa = PBXFileReference; lastKnownFileType = wrapper.framework; name = QuartzCore.framework; path = System/Library/Frameworks/QuartzCore.framework; sourceTree = SDKROOT; };
		CDB03F055C45BB54AD8A402B /* CoreVideo.framework */ = {isa = PBXFileReference; lastKnownFileType = wrapper.framework; name = CoreVideo.framework; path = System/Library/Frameworks/CoreVideo.framework; sourceTree = SDKROOT; };
		CEECDE6CEADABABAE320B4D4 /* Q3EIntents.swift */ = {isa = PBXFileReference; lastKnownFileType = sourcecode.swift; path = Q3EIntents.swift; sourceTree = "<group>"; };
		CFC2926895277A390FCB97B1 /* SwiftUI.framework */ = {isa = PBXFileReference; lastKnownFileType = wrapper.framework; name = SwiftUI.framework; path = System/Library/Frameworks/SwiftUI.framework; sourceTree = SDKROOT; };
		D4DDA206E2BDB5EC07102DF5 /* ios_pakman.m */ = {isa = PBXFileReference; lastKnownFileType = sourcecode.c.objc; path = ios_pakman.m; sourceTree = "<group>"; };
		D9374DF16DD2EDCE039B7896 /* Q3EImmersive.h */ = {isa = PBXFileReference; lastKnownFileType = sourcecode.c.h; path = Q3EImmersive.h; sourceTree = "<group>"; };
		D9CE7C66352300892A1B6B0D /* AppShell.m */ = {isa = PBXFileReference; lastKnownFileType = sourcecode.c.objc; path = AppShell.m; sourceTree = "<group>"; };
		D9F737A370AC9EC1DA18DABF /* UIKit.framework */ = {isa = PBXFileReference; lastKnownFileType = wrapper.framework; name = UIKit.framework; path = System/Library/Frameworks/UIKit.framework; sourceTree = SDKROOT; };
		DC9C85CCB2D7E73FBDF9A8F5 /* Assets.xcassets */ = {isa = PBXFileReference; lastKnownFileType = folder.assetcatalog; path = Assets.xcassets; sourceTree = "<group>"; };
		DF213318E4DAFCD0E633FEA8 /* Quake3e.app */ = {isa = PBXFileReference; includeInIndex = 0; lastKnownFileType = wrapper.application; path = Quake3e.app; sourceTree = BUILT_PRODUCTS_DIR; };
		DF4F3136705C2198860DC481 /* Assets-visionos.xcassets */ = {isa = PBXFileReference; lastKnownFileType = folder.assetcatalog; path = "Assets-visionos.xcassets"; sourceTree = "<group>"; };
		E45895A54BB1884716BCCD15 /* Quake3e-visionOS.app */ = {isa = PBXFileReference; includeInIndex = 0; lastKnownFileType = wrapper.application; path = "Quake3e-visionOS.app"; sourceTree = BUILT_PRODUCTS_DIR; };
		E49EC9B3284D1B2BC896644E /* ios_metal.m */ = {isa = PBXFileReference; lastKnownFileType = sourcecode.c.objc; path = ios_metal.m; sourceTree = "<group>"; };
		E54F9A25DC37C6780486BC76 /* GameController.framework */ = {isa = PBXFileReference; lastKnownFileType = wrapper.framework; name = GameController.framework; path = System/Library/Frameworks/GameController.framework; sourceTree = SDKROOT; };
		F0B388950920F898909CA77E /* CompositorServices.framework */ = {isa = PBXFileReference; lastKnownFileType = wrapper.framework; name = CompositorServices.framework; path = System/Library/Frameworks/CompositorServices.framework; sourceTree = SDKROOT; };
		F19A3D9E8C56D2A21796B565 /* Q3EImmersive.m */ = {isa = PBXFileReference; lastKnownFileType = sourcecode.c.objc; path = Q3EImmersive.m; sourceTree = "<group>"; };
		F8291DC06CA7B3C93F2C8EF3 /* SystemConfiguration.framework */ = {isa = PBXFileReference; lastKnownFileType = wrapper.framework; name = SystemConfiguration.framework; path = System/Library/Frameworks/SystemConfiguration.framework; sourceTree = SDKROOT; };
		FE2CE82C0D6AA45FF5D9E516 /* ios_shortcuts.h */ = {isa = PBXFileReference; lastKnownFileType = sourcecode.c.h; path = ios_shortcuts.h; sourceTree = "<group>"; };
/* End PBXFileReference section */

/* Begin PBXFrameworksBuildPhase section */
		4D11703078B714F55638F389 /* Frameworks */ = {
			isa = PBXFrameworksBuildPhase;
			buildActionMask = 2147483647;
			files = (
				D9C7FD5CE38D07AF1F7D5FCA /* MoltenVK.xcframework in Frameworks */,
				549E7E6613B464348580B528 /* Metal.framework in Frameworks */,
				741FA5F59D121B93F2D2392F /* QuartzCore.framework in Frameworks */,
				8AF13B7525613F50ED03345D /* IOSurface.framework in Frameworks */,
				E0F62A08D03480A9D4564313 /* CoreGraphics.framework in Frameworks */,
				12CBBB7C7E62121A66D92750 /* UIKit.framework in Frameworks */,
				8FD1D5F9D892BFE13356B979 /* Foundation.framework in Frameworks */,
				10803FD895DF42070C9FFF61 /* CoreVideo.framework in Frameworks */,
				49C5BA0D4A9519E25FFE6E75 /* AudioToolbox.framework in Frameworks */,
				019755E1344A3161F375CD7A /* AVFoundation.framework in Frameworks */,
				1A1B861A4D5B98583A0BEA2B /* GameController.framework in Frameworks */,
				173FB93496B5FBFC59D7FB40 /* CoreMotion.framework in Frameworks */,
				22936B92BD2143F15F69BDD7 /* Security.framework in Frameworks */,
				BF34D10CEA356B21F2CF3EDB /* SystemConfiguration.framework in Frameworks */,
			);
			runOnlyForDeploymentPostprocessing = 0;
		};
		D07B6145238C0889806B8B55 /* Frameworks */ = {
			isa = PBXFrameworksBuildPhase;
			buildActionMask = 2147483647;
			files = (
				0483C33116F7CC8FE47CF249 /* MoltenVK.xcframework in Frameworks */,
				CC2360F670973D2F94B4B7EC /* Metal.framework in Frameworks */,
				50264BE0BB5AD8D131B1F438 /* CompositorServices.framework in Frameworks */,
				F5A8D69144D801CC3C3DF4C2 /* ARKit.framework in Frameworks */,
				0D365B0D21B3A71F87B95D8F /* QuartzCore.framework in Frameworks */,
				F528A6701C9D048A982F5BEA /* IOSurface.framework in Frameworks */,
				715D1C24AEB0F5EFAAE1671C /* CoreGraphics.framework in Frameworks */,
				46A04310D1BFB8EF47C43278 /* UIKit.framework in Frameworks */,
				E20C42DBA2FE049C12DA3A7A /* SwiftUI.framework in Frameworks */,
				61297CAD9D85A0D91D5EE098 /* Foundation.framework in Frameworks */,
				65A629987B0F5D8630F2839B /* CoreVideo.framework in Frameworks */,
				72A00A9E2FD00D724D0F67ED /* AudioToolbox.framework in Frameworks */,
				D94404F62A6C44F21EF8199E /* AVFoundation.framework in Frameworks */,
				297FAFDB2059827D2A1D033F /* GameController.framework in Frameworks */,
				D0CBD2C70FED9C8D8ACAEB6E /* CoreMotion.framework in Frameworks */,
				DF7946C8B5F6C7871CD5107E /* Security.framework in Frameworks */,
				C3265238E7FFE3FF3FD0DF29 /* SystemConfiguration.framework in Frameworks */,
			);
			runOnlyForDeploymentPostprocessing = 0;
		};
/* End PBXFrameworksBuildPhase section */

/* Begin PBXGroup section */
		1286989607DD7197C8FE66A2 /* Products */ = {
			isa = PBXGroup;
			children = (
				E45895A54BB1884716BCCD15 /* Quake3e-visionOS.app */,
				DF213318E4DAFCD0E633FEA8 /* Quake3e.app */,
			);
			name = Products;
			sourceTree = "<group>";
		};
		20239513616DB84376CAA3DE = {
			isa = PBXGroup;
			children = (
				DF4F3136705C2198860DC481 /* Assets-visionos.xcassets */,
				DC9C85CCB2D7E73FBDF9A8F5 /* Assets.xcassets */,
				3FEE4DFEF26A112F6568DD4A /* shell */,
				669E3B443EB36602A7C7056F /* shell-visionos */,
				26E5B9ED6D40B9E9A12E7143 /* Frameworks */,
				1286989607DD7197C8FE66A2 /* Products */,
			);
			sourceTree = "<group>";
		};
		26E5B9ED6D40B9E9A12E7143 /* Frameworks */ = {
			isa = PBXGroup;
			children = (
				B37EAC3671887DAF3EDA3E61 /* ARKit.framework */,
				9EF71329A1C7CC7EDC8C611B /* AudioToolbox.framework */,
				6D5BA427322AB0E1A8E703A0 /* AVFoundation.framework */,
				F0B388950920F898909CA77E /* CompositorServices.framework */,
				36CC490E0E38BA5D925C297D /* CoreGraphics.framework */,
				8D1F0066AA4E688EA48C2FC3 /* CoreMotion.framework */,
				CDB03F055C45BB54AD8A402B /* CoreVideo.framework */,
				5612936E65EAA6B94B487548 /* Foundation.framework */,
				E54F9A25DC37C6780486BC76 /* GameController.framework */,
				A28E7D2CE746F930C9DFFDE9 /* IOSurface.framework */,
				AB8F52D7E98B32EC7FA91D30 /* Metal.framework */,
				0AF1B1EB09A3FC44B64B1BFE /* MoltenVK.xcframework */,
				0A872BF429A97D8C1D97B3D8 /* MoltenVK.xcframework */,
				CC068F6D19C4D3A25A2F1769 /* QuartzCore.framework */,
				9F147F24E9462C77D359242F /* Security.framework */,
				CFC2926895277A390FCB97B1 /* SwiftUI.framework */,
				F8291DC06CA7B3C93F2C8EF3 /* SystemConfiguration.framework */,
				D9F737A370AC9EC1DA18DABF /* UIKit.framework */,
			);
			name = Frameworks;
			sourceTree = "<group>";
		};
		3FEE4DFEF26A112F6568DD4A /* shell */ = {
			isa = PBXGroup;
			children = (
				D9CE7C66352300892A1B6B0D /* AppShell.m */,
				2AC36C1F39314DF1FE314BE7 /* ios_console.m */,
				7D7173C31A62848743DF3F01 /* ios_glue.c */,
				2613F93EAAD8CEB8ADDA6187 /* ios_input.h */,
				64B9DA38E4711DA3D1DAD406 /* ios_input.m */,
				E49EC9B3284D1B2BC896644E /* ios_metal.m */,
				67B95E936A35BC4D99C250A7 /* ios_onboarding.m */,
				D4DDA206E2BDB5EC07102DF5 /* ios_pakman.m */,
				248D5F9516594A2CDD56EBF2 /* ios_settings.h */,
				66978FAE2B803D616BE6176F /* ios_settings.m */,
				FE2CE82C0D6AA45FF5D9E516 /* ios_shortcuts.h */,
				6FA43AC1FB6966A5F89DA82F /* ios_snd.c */,
				CEECDE6CEADABABAE320B4D4 /* Q3EIntents.swift */,
			);
			path = shell;
			sourceTree = "<group>";
		};
		669E3B443EB36602A7C7056F /* shell-visionos */ = {
			isa = PBXGroup;
			children = (
				C5D108124494B7628C9E0274 /* AppShell_vision.h */,
				85E7776CF90E063322860D7B /* AppShell_vision.m */,
				483A838A3390D4F3D0FE4CAB /* Q3EBlackBox.h */,
				6E5EFFD7864F142C8CA4394D /* Q3EBlackBox.m */,
				D9374DF16DD2EDCE039B7896 /* Q3EImmersive.h */,
				F19A3D9E8C56D2A21796B565 /* Q3EImmersive.m */,
				27ED7D3368034171C2632367 /* Q3EVision-Bridging-Header.h */,
				67CF1E724A295E5D5A7E8C41 /* Q3EVisionApp.swift */,
			);
			path = "shell-visionos";
			sourceTree = "<group>";
		};
/* End PBXGroup section */

/* Begin PBXNativeTarget section */
		145F2AFAAA67DC75A960E2F1 /* Quake3e-visionOS */ = {
			isa = PBXNativeTarget;
			buildConfigurationList = B3AE1B9569292BF497CA7A66 /* Build configuration list for PBXNativeTarget "Quake3e-visionOS" */;
			buildPhases = (
				E99924570063B1A8752C80E1 /* Sources */,
				809976A9B4F8DA24EE2C7482 /* Resources */,
				D07B6145238C0889806B8B55 /* Frameworks */,
			);
			buildRules = (
			);
			dependencies = (
			);
			name = "Quake3e-visionOS";
			packageProductDependencies = (
			);
			productName = "Quake3e-visionOS";
			productReference = E45895A54BB1884716BCCD15 /* Quake3e-visionOS.app */;
			productType = "com.apple.product-type.application";
		};
		2DE419E9A02978307CA4F180 /* Quake3e */ = {
			isa = PBXNativeTarget;
			buildConfigurationList = 67A123DBACBEA4B6F26D587C /* Build configuration list for PBXNativeTarget "Quake3e" */;
			buildPhases = (
				0592D9207906947F1BF90173 /* Sources */,
				535F4BC8248894E734ED775F /* Resources */,
				4D11703078B714F55638F389 /* Frameworks */,
			);
			buildRules = (
			);
			dependencies = (
			);
			name = Quake3e;
			packageProductDependencies = (
			);
			productName = Quake3e;
			productReference = DF213318E4DAFCD0E633FEA8 /* Quake3e.app */;
			productType = "com.apple.product-type.application";
		};
/* End PBXNativeTarget section */

/* Begin PBXProject section */
		EEF6BCE3E47BB00E78C60392 /* Project object */ = {
			isa = PBXProject;
			attributes = {
				BuildIndependentTargetsInParallel = YES;
				LastUpgradeCheck = 1430;
				TargetAttributes = {
					145F2AFAAA67DC75A960E2F1 = {
						DevelopmentTeam = 57G8J46Z2T;
						ProvisioningStyle = Automatic;
					};
					2DE419E9A02978307CA4F180 = {
						DevelopmentTeam = 57G8J46Z2T;
						ProvisioningStyle = Automatic;
					};
				};
			};
			buildConfigurationList = BB97D40B8D211D70E2D3D1C5 /* Build configuration list for PBXProject "Quake3e" */;
			developmentRegion = en;
			hasScannedForEncodings = 0;
			knownRegions = (
				Base,
				en,
			);
			mainGroup = 20239513616DB84376CAA3DE;
			minimizedProjectReferenceProxies = 1;
			preferredProjectObjectVersion = 77;
			productRefGroup = 1286989607DD7197C8FE66A2 /* Products */;
			projectDirPath = "";
			projectRoot = "";
			targets = (
				2DE419E9A02978307CA4F180 /* Quake3e */,
				145F2AFAAA67DC75A960E2F1 /* Quake3e-visionOS */,
			);
		};
/* End PBXProject section */

/* Begin PBXResourcesBuildPhase section */
		535F4BC8248894E734ED775F /* Resources */ = {
			isa = PBXResourcesBuildPhase;
			buildActionMask = 2147483647;
			files = (
				291384D045C153E2CA0B0B9B /* Assets.xcassets in Resources */,
			);
			runOnlyForDeploymentPostprocessing = 0;
		};
		809976A9B4F8DA24EE2C7482 /* Resources */ = {
			isa = PBXResourcesBuildPhase;
			buildActionMask = 2147483647;
			files = (
				867E7497BB7D372071DC5E2A /* Assets-visionos.xcassets in Resources */,
			);
			runOnlyForDeploymentPostprocessing = 0;
		};
/* End PBXResourcesBuildPhase section */

/* Begin PBXSourcesBuildPhase section */
		0592D9207906947F1BF90173 /* Sources */ = {
			isa = PBXSourcesBuildPhase;
			buildActionMask = 2147483647;
			files = (
				BEF9BEE79FB9A84EFD713454 /* AppShell.m in Sources */,
				FA2E424463ABBC44CA7574B7 /* Q3EIntents.swift in Sources */,
				A97BDE7175999A5496A08649 /* ios_console.m in Sources */,
				F821306993D95659E95D50C3 /* ios_glue.c in Sources */,
				D89976254862A86FF580079F /* ios_input.m in Sources */,
				5C4877EB156210EB0C2FF86A /* ios_metal.m in Sources */,
				FBCCF806D1062426643D4910 /* ios_onboarding.m in Sources */,
				4DA5987CCF2945560F1EE986 /* ios_pakman.m in Sources */,
				AC1D3F3BE6B90C19682C7352 /* ios_settings.m in Sources */,
				185C6F61D28F5C5684A12BB4 /* ios_snd.c in Sources */,
			);
			runOnlyForDeploymentPostprocessing = 0;
		};
		E99924570063B1A8752C80E1 /* Sources */ = {
			isa = PBXSourcesBuildPhase;
			buildActionMask = 2147483647;
			files = (
				E5568D9988CF9852B7A5F5C9 /* AppShell_vision.m in Sources */,
				AFD85AD72972E99E7C2D1DEA /* Q3EBlackBox.m in Sources */,
				1EE7471BB794DF2CF1EBDE05 /* Q3EImmersive.m in Sources */,
				3B61A3E8638070FB91F6E292 /* Q3EVisionApp.swift in Sources */,
				46B51525D7D2D4AC369CFC1E /* ios_console.m in Sources */,
				3EF3A7E612ACC72480EF43CC /* ios_glue.c in Sources */,
				3C6B2D17CB34D2093C4CF687 /* ios_input.m in Sources */,
				8891BBB02A45CF2D1FEADA8D /* ios_metal.m in Sources */,
				881A40E6C93FCC05BD94B4FC /* ios_onboarding.m in Sources */,
				07119F7EB457E79779350383 /* ios_pakman.m in Sources */,
				29603872B366A1CDE089C17A /* ios_settings.m in Sources */,
				5C0D505B2C25783B4AEED994 /* ios_snd.c in Sources */,
			);
			runOnlyForDeploymentPostprocessing = 0;
		};
/* End PBXSourcesBuildPhase section */

/* Begin XCBuildConfiguration section */
		3373FBB9AF0A9E8583341B9B /* Release */ = {
			isa = XCBuildConfiguration;
			buildSettings = {
				ASSETCATALOG_COMPILER_APPICON_NAME = AppIcon;
				CLANG_ENABLE_MODULES = YES;
				CODE_SIGN_IDENTITY = "iPhone Developer";
				CODE_SIGN_STYLE = Automatic;
				DEVELOPMENT_TEAM = 57G8J46Z2T;
				ENABLE_BITCODE = NO;
				FRAMEWORK_SEARCH_PATHS = (
					"$(inherited)",
					"\"../vendor/moltenvk-ios/MoltenVK/MoltenVK/static\"",
				);
				GCC_PREPROCESSOR_DEFINITIONS = (
					"NO_VM_COMPILED=1",
					"USE_VULKAN_API=1",
					"USE_OGG_VORBIS=1",
				);
				GENERATE_INFOPLIST_FILE = NO;
				HEADER_SEARCH_PATHS = (
					"$(SRCROOT)/../build/src-overlay/code",
					"$(SRCROOT)/../vendor/moltenvk-ios/MoltenVK/MoltenVK/include",
				);
				INFOPLIST_FILE = Info.plist;
				IPHONEOS_DEPLOYMENT_TARGET = 16.0;
				LD_RUNPATH_SEARCH_PATHS = (
					"$(inherited)",
					"@executable_path/Frameworks",
				);
				LIBRARY_SEARCH_PATHS = (
					"$(SRCROOT)/../build/ios",
					"$(SRCROOT)/../build/ios-deps/prefix/lib",
				);
				OTHER_LDFLAGS = (
					"-lq3e",
					"-lc++",
					"-lcurl",
					"-lz",
				);
				PRODUCT_BUNDLE_IDENTIFIER = com.rebelancap.quake3e;
				SDKROOT = iphoneos;
				SWIFT_OBJC_BRIDGING_HEADER = shell/ios_shortcuts.h;
				SWIFT_VERSION = 5.0;
				TARGETED_DEVICE_FAMILY = "1,2";
			};
			name = Release;
		};
		54B874644EAAE966F843677B /* Debug */ = {
			isa = XCBuildConfiguration;
			buildSettings = {
				ASSETCATALOG_COMPILER_APPICON_NAME = AppIcon;
				CLANG_ENABLE_MODULES = YES;
				CODE_SIGN_STYLE = Automatic;
				DEVELOPMENT_TEAM = 57G8J46Z2T;
				ENABLE_BITCODE = NO;
				FRAMEWORK_SEARCH_PATHS = (
					"$(inherited)",
					"\"../vendor/moltenvk\"",
				);
				GCC_PREPROCESSOR_DEFINITIONS = (
					"NO_VM_COMPILED=1",
					"USE_VULKAN_API=1",
					"USE_OGG_VORBIS=1",
				);
				GENERATE_INFOPLIST_FILE = NO;
				HEADER_SEARCH_PATHS = (
					"$(SRCROOT)/../build/src-overlay/code",
					"$(SRCROOT)/../vendor/moltenvk-ios/MoltenVK/MoltenVK/include",
				);
				INFOPLIST_FILE = "Info-visionos.plist";
				LD_RUNPATH_SEARCH_PATHS = (
					"$(inherited)",
					"@executable_path/Frameworks",
				);
				LIBRARY_SEARCH_PATHS = (
					"$(SRCROOT)/../build/visionos",
					"$(SRCROOT)/../build/visionos-deps/prefix/lib",
				);
				OTHER_LDFLAGS = (
					"-lq3e-xros",
					"-lc++",
					"-lcurl",
					"-lz",
				);
				PRODUCT_BUNDLE_IDENTIFIER = com.rebelancap.quake3e;
				PRODUCT_NAME = Quake3e;
				SDKROOT = xros;
				SWIFT_OBJC_BRIDGING_HEADER = "shell-visionos/Q3EVision-Bridging-Header.h";
				SWIFT_VERSION = 5.0;
				TARGETED_DEVICE_FAMILY = 7;
				XROS_DEPLOYMENT_TARGET = 1.0;
			};
			name = Debug;
		};
		59467DBAC9B28E34631C0CCD /* Release */ = {
			isa = XCBuildConfiguration;
			buildSettings = {
				ALWAYS_SEARCH_USER_PATHS = NO;
				CLANG_ANALYZER_NONNULL = YES;
				CLANG_ANALYZER_NUMBER_OBJECT_CONVERSION = YES_AGGRESSIVE;
				CLANG_CXX_LANGUAGE_STANDARD = "gnu++14";
				CLANG_CXX_LIBRARY = "libc++";
				CLANG_ENABLE_MODULES = YES;
				CLANG_ENABLE_OBJC_ARC = YES;
				CLANG_ENABLE_OBJC_WEAK = YES;
				CLANG_WARN_BLOCK_CAPTURE_AUTORELEASING = YES;
				CLANG_WARN_BOOL_CONVERSION = YES;
				CLANG_WARN_COMMA = YES;
				CLANG_WARN_CONSTANT_CONVERSION = YES;
				CLANG_WARN_DEPRECATED_OBJC_IMPLEMENTATIONS = YES;
				CLANG_WARN_DIRECT_OBJC_ISA_USAGE = YES_ERROR;
				CLANG_WARN_DOCUMENTATION_COMMENTS = YES;
				CLANG_WARN_EMPTY_BODY = YES;
				CLANG_WARN_ENUM_CONVERSION = YES;
				CLANG_WARN_INFINITE_RECURSION = YES;
				CLANG_WARN_INT_CONVERSION = YES;
				CLANG_WARN_NON_LITERAL_NULL_CONVERSION = YES;
				CLANG_WARN_OBJC_IMPLICIT_RETAIN_SELF = YES;
				CLANG_WARN_OBJC_LITERAL_CONVERSION = YES;
				CLANG_WARN_OBJC_ROOT_CLASS = YES_ERROR;
				CLANG_WARN_QUOTED_INCLUDE_IN_FRAMEWORK_HEADER = YES;
				CLANG_WARN_RANGE_LOOP_ANALYSIS = YES;
				CLANG_WARN_STRICT_PROTOTYPES = YES;
				CLANG_WARN_SUSPICIOUS_MOVE = YES;
				CLANG_WARN_UNGUARDED_AVAILABILITY = YES_AGGRESSIVE;
				CLANG_WARN_UNREACHABLE_CODE = YES;
				CLANG_WARN__DUPLICATE_METHOD_MATCH = YES;
				COPY_PHASE_STRIP = NO;
				DEBUG_INFORMATION_FORMAT = "dwarf-with-dsym";
				ENABLE_NS_ASSERTIONS = NO;
				ENABLE_STRICT_OBJC_MSGSEND = YES;
				GCC_C_LANGUAGE_STANDARD = gnu11;
				GCC_NO_COMMON_BLOCKS = YES;
				GCC_WARN_64_TO_32_BIT_CONVERSION = YES;
				GCC_WARN_ABOUT_RETURN_TYPE = YES_ERROR;
				GCC_WARN_UNDECLARED_SELECTOR = YES;
				GCC_WARN_UNINITIALIZED_AUTOS = YES_AGGRESSIVE;
				GCC_WARN_UNUSED_FUNCTION = YES;
				GCC_WARN_UNUSED_VARIABLE = YES;
				IPHONEOS_DEPLOYMENT_TARGET = 16.0;
				MTL_ENABLE_DEBUG_INFO = NO;
				MTL_FAST_MATH = YES;
				PRODUCT_NAME = "$(TARGET_NAME)";
				SWIFT_COMPILATION_MODE = wholemodule;
				SWIFT_OPTIMIZATION_LEVEL = "-O";
				SWIFT_VERSION = 5.0;
			};
			name = Release;
		};
		70C2412B3BA08F4C1006F5F1 /* Debug */ = {
			isa = XCBuildConfiguration;
			buildSettings = {
				ASSETCATALOG_COMPILER_APPICON_NAME = AppIcon;
				CLANG_ENABLE_MODULES = YES;
				CODE_SIGN_IDENTITY = "iPhone Developer";
				CODE_SIGN_STYLE = Automatic;
				DEVELOPMENT_TEAM = 57G8J46Z2T;
				ENABLE_BITCODE = NO;
				FRAMEWORK_SEARCH_PATHS = (
					"$(inherited)",
					"\"../vendor/moltenvk-ios/MoltenVK/MoltenVK/static\"",
				);
				GCC_PREPROCESSOR_DEFINITIONS = (
					"NO_VM_COMPILED=1",
					"USE_VULKAN_API=1",
					"USE_OGG_VORBIS=1",
				);
				GENERATE_INFOPLIST_FILE = NO;
				HEADER_SEARCH_PATHS = (
					"$(SRCROOT)/../build/src-overlay/code",
					"$(SRCROOT)/../vendor/moltenvk-ios/MoltenVK/MoltenVK/include",
				);
				INFOPLIST_FILE = Info.plist;
				IPHONEOS_DEPLOYMENT_TARGET = 16.0;
				LD_RUNPATH_SEARCH_PATHS = (
					"$(inherited)",
					"@executable_path/Frameworks",
				);
				LIBRARY_SEARCH_PATHS = (
					"$(SRCROOT)/../build/ios",
					"$(SRCROOT)/../build/ios-deps/prefix/lib",
				);
				OTHER_LDFLAGS = (
					"-lq3e",
					"-lc++",
					"-lcurl",
					"-lz",
				);
				PRODUCT_BUNDLE_IDENTIFIER = com.rebelancap.quake3e;
				SDKROOT = iphoneos;
				SWIFT_OBJC_BRIDGING_HEADER = shell/ios_shortcuts.h;
				SWIFT_VERSION = 5.0;
				TARGETED_DEVICE_FAMILY = "1,2";
			};
			name = Debug;
		};
		A45D7CFC272F42F4D557FC58 /* Debug */ = {
			isa = XCBuildConfiguration;
			buildSettings = {
				ALWAYS_SEARCH_USER_PATHS = NO;
				CLANG_ANALYZER_NONNULL = YES;
				CLANG_ANALYZER_NUMBER_OBJECT_CONVERSION = YES_AGGRESSIVE;
				CLANG_CXX_LANGUAGE_STANDARD = "gnu++14";
				CLANG_CXX_LIBRARY = "libc++";
				CLANG_ENABLE_MODULES = YES;
				CLANG_ENABLE_OBJC_ARC = YES;
				CLANG_ENABLE_OBJC_WEAK = YES;
				CLANG_WARN_BLOCK_CAPTURE_AUTORELEASING = YES;
				CLANG_WARN_BOOL_CONVERSION = YES;
				CLANG_WARN_COMMA = YES;
				CLANG_WARN_CONSTANT_CONVERSION = YES;
				CLANG_WARN_DEPRECATED_OBJC_IMPLEMENTATIONS = YES;
				CLANG_WARN_DIRECT_OBJC_ISA_USAGE = YES_ERROR;
				CLANG_WARN_DOCUMENTATION_COMMENTS = YES;
				CLANG_WARN_EMPTY_BODY = YES;
				CLANG_WARN_ENUM_CONVERSION = YES;
				CLANG_WARN_INFINITE_RECURSION = YES;
				CLANG_WARN_INT_CONVERSION = YES;
				CLANG_WARN_NON_LITERAL_NULL_CONVERSION = YES;
				CLANG_WARN_OBJC_IMPLICIT_RETAIN_SELF = YES;
				CLANG_WARN_OBJC_LITERAL_CONVERSION = YES;
				CLANG_WARN_OBJC_ROOT_CLASS = YES_ERROR;
				CLANG_WARN_QUOTED_INCLUDE_IN_FRAMEWORK_HEADER = YES;
				CLANG_WARN_RANGE_LOOP_ANALYSIS = YES;
				CLANG_WARN_STRICT_PROTOTYPES = YES;
				CLANG_WARN_SUSPICIOUS_MOVE = YES;
				CLANG_WARN_UNGUARDED_AVAILABILITY = YES_AGGRESSIVE;
				CLANG_WARN_UNREACHABLE_CODE = YES;
				CLANG_WARN__DUPLICATE_METHOD_MATCH = YES;
				COPY_PHASE_STRIP = NO;
				DEBUG_INFORMATION_FORMAT = dwarf;
				ENABLE_STRICT_OBJC_MSGSEND = YES;
				ENABLE_TESTABILITY = YES;
				GCC_C_LANGUAGE_STANDARD = gnu11;
				GCC_DYNAMIC_NO_PIC = NO;
				GCC_NO_COMMON_BLOCKS = YES;
				GCC_OPTIMIZATION_LEVEL = 0;
				GCC_PREPROCESSOR_DEFINITIONS = (
					"$(inherited)",
					"DEBUG=1",
				);
				GCC_WARN_64_TO_32_BIT_CONVERSION = YES;
				GCC_WARN_ABOUT_RETURN_TYPE = YES_ERROR;
				GCC_WARN_UNDECLARED_SELECTOR = YES;
				GCC_WARN_UNINITIALIZED_AUTOS = YES_AGGRESSIVE;
				GCC_WARN_UNUSED_FUNCTION = YES;
				GCC_WARN_UNUSED_VARIABLE = YES;
				IPHONEOS_DEPLOYMENT_TARGET = 16.0;
				MTL_ENABLE_DEBUG_INFO = INCLUDE_SOURCE;
				MTL_FAST_MATH = YES;
				ONLY_ACTIVE_ARCH = YES;
				PRODUCT_NAME = "$(TARGET_NAME)";
				SWIFT_ACTIVE_COMPILATION_CONDITIONS = DEBUG;
				SWIFT_OPTIMIZATION_LEVEL = "-Onone";
				SWIFT_VERSION = 5.0;
			};
			name = Debug;
		};
		C80E44AE327A29063C9276FE /* Release */ = {
			isa = XCBuildConfiguration;
			buildSettings = {
				ASSETCATALOG_COMPILER_APPICON_NAME = AppIcon;
				CLANG_ENABLE_MODULES = YES;
				CODE_SIGN_STYLE = Automatic;
				DEVELOPMENT_TEAM = 57G8J46Z2T;
				ENABLE_BITCODE = NO;
				FRAMEWORK_SEARCH_PATHS = (
					"$(inherited)",
					"\"../vendor/moltenvk\"",
				);
				GCC_PREPROCESSOR_DEFINITIONS = (
					"NO_VM_COMPILED=1",
					"USE_VULKAN_API=1",
					"USE_OGG_VORBIS=1",
				);
				GENERATE_INFOPLIST_FILE = NO;
				HEADER_SEARCH_PATHS = (
					"$(SRCROOT)/../build/src-overlay/code",
					"$(SRCROOT)/../vendor/moltenvk-ios/MoltenVK/MoltenVK/include",
				);
				INFOPLIST_FILE = "Info-visionos.plist";
				LD_RUNPATH_SEARCH_PATHS = (
					"$(inherited)",
					"@executable_path/Frameworks",
				);
				LIBRARY_SEARCH_PATHS = (
					"$(SRCROOT)/../build/visionos",
					"$(SRCROOT)/../build/visionos-deps/prefix/lib",
				);
				OTHER_LDFLAGS = (
					"-lq3e-xros",
					"-lc++",
					"-lcurl",
					"-lz",
				);
				PRODUCT_BUNDLE_IDENTIFIER = com.rebelancap.quake3e;
				PRODUCT_NAME = Quake3e;
				SDKROOT = xros;
				SWIFT_OBJC_BRIDGING_HEADER = "shell-visionos/Q3EVision-Bridging-Header.h";
				SWIFT_VERSION = 5.0;
				TARGETED_DEVICE_FAMILY = 7;
				XROS_DEPLOYMENT_TARGET = 1.0;
			};
			name = Release;
		};
/* End XCBuildConfiguration section */

/* Begin XCConfigurationList section */
		67A123DBACBEA4B6F26D587C /* Build configuration list for PBXNativeTarget "Quake3e" */ = {
			isa = XCConfigurationList;
			buildConfigurations = (
				70C2412B3BA08F4C1006F5F1 /* Debug */,
				3373FBB9AF0A9E8583341B9B /* Release */,
			);
			defaultConfigurationIsVisible = 0;
			defaultConfigurationName = Debug;
		};
		B3AE1B9569292BF497CA7A66 /* Build configuration list for PBXNativeTarget "Quake3e-visionOS" */ = {
			isa = XCConfigurationList;
			buildConfigurations = (
				54B874644EAAE966F843677B /* Debug */,
				C80E44AE327A29063C9276FE /* Release */,
			);
			defaultConfigurationIsVisible = 0;
			defaultConfigurationName = Debug;
		};
		BB97D40B8D211D70E2D3D1C5 /* Build configuration list for PBXProject "Quake3e" */ = {
			isa = XCConfigurationList;
			buildConfigurations = (
				A45D7CFC272F42F4D557FC58 /* Debug */,
				59467DBAC9B28E34631C0CCD /* Release */,
			);
			defaultConfigurationIsVisible = 0;
			defaultConfigurationName = Debug;
		};
/* End XCConfigurationList section */
	};
	rootObject = EEF6BCE3E47BB00E78C60392 /* Project object */;
}
